{
    "_meta": {
        "hash": {
            "sha256": "b0f2ab3eb7855c9fac932b75b4573111b57aa345709622a48f1952a7b729d6e3"
        },
        "pipfile-spec": 6,
        "requires": {
            "python_version": "3.7"
        },
        "sources": [
            {
                "name": "pypi",
                "url": "https://pypi.org/simple",
                "verify_ssl": true
            }
        ]
    },
    "default": {
        "beautifulsoup4": {
            "hashes": [
                "sha256:034740f6cb549b4e932ae1ab975581e6103ac8f942200a0e9759065984391858",
                "sha256:945065979fb8529dd2f37dbb58f00b661bdbcbebf954f93b32fdf5263ef35348",
                "sha256:ba6d5c59906a85ac23dadfe5c88deaf3e179ef565f4898671253e50a78680718"
            ],
            "index": "pypi",
            "version": "==4.7.1"
        },
        "cachetools": {
            "hashes": [
                "sha256:13dfddc7b8df938c21a940dfa6557ce6e94a2f1cdfa58eb90c805721d58f2c14",
                "sha256:429e1a1e845c008ea6c85aa35d4b98b65d6a9763eeef3e37e92728a12d1de9d4"
            ],
            "markers": "python_version ~= '3.7'",
            "version": "==5.3.0"
        },
        "certifi": {
            "hashes": [
                "sha256:35824b4c3a97115964b408844d64aa14db1cc518f6562e8d7261699d1350a9e3",
                "sha256:4ad3232f5e926d6718ec31cfc1fcadfde020920e278684144551c91769c7bc18"
            ],
            "markers": "python_version >= '3.6'",
            "version": "==2022.12.7"
        },
        "chardet": {
            "hashes": [
                "sha256:84ab92ed1c4d4f16916e05906b6b75a6c0fb5db821cc65e70cbd64a3e2a5eaae",
                "sha256:fc323ffcaeaed0e0a02bf4d117757b98aed530d9ed4531e3e15460124c106691"
            ],
            "version": "==3.0.4"
        },
        "gitdb": {
            "hashes": [
                "sha256:6eb990b69df4e15bad899ea868dc46572c3f75339735663b81de79b06f17eb9a",
                "sha256:c286cf298426064079ed96a9e4a9d39e7f3e9bf15ba60701e95f5492f28415c7"
            ],
            "markers": "python_version >= '3.7'",
            "version": "==4.0.10"
        },
        "gitdb2": {
            "hashes": [
                "sha256:0986cb4003de743f2b3aba4c828edd1ab58ce98e1c4a8acf72ef02760d4beb4e",
                "sha256:a1c974e5fab8c2c90192c1367c81cbc54baec04244bda1816e9c8ab377d1cba3"
            ],
            "markers": "python_version >= '2.7' and python_version not in '3.0, 3.1, 3.2, 3.3'",
            "version": "==4.0.2"
        },
        "gitpython": {
            "hashes": [
                "sha256:563221e5a44369c6b79172f455584c9ebbb122a13368cc82cb4b5addff788f82",
                "sha256:8237dc5bfd6f1366abeee5624111b9d6879393d84745a507de0fda86043b65a8"
            ],
            "index": "pypi",
            "version": "==2.1.11"
        },
        "google-api-python-client": {
            "hashes": [
                "sha256:06907006ed5ce831018f03af3852d739c0b2489cdacfda6971bcc2075c762858",
                "sha256:937eabdc3940977f712fa648a096a5142766b6d0a0f58bc603e2ac0687397ef0"
            ],
            "index": "pypi",
            "version": "==1.7.8"
        },
        "google-auth": {
            "hashes": [
                "sha256:295c80ebb95eac74003c07a696cf3ef6b414e9230ae8894f3843f8215fd2aa56",
                "sha256:544536a43d44dff0f64222e4d027d124989fcb9c10979687e589e1694fba9c94"
            ],
            "markers": "python_version >= '2.7' and python_version not in '3.0, 3.1, 3.2, 3.3, 3.4, 3.5'",
            "version": "==2.17.2"
        },
        "google-auth-httplib2": {
            "hashes": [
                "sha256:31e49c36c6b5643b57e82617cb3e021e3e1d2df9da63af67252c02fa9c1f4a10",
                "sha256:a07c39fd632becacd3f07718dfd6021bf396978f03ad3ce4321d060015cc30ac"
            ],
            "version": "==0.1.0"
        },
        "google-auth-oauthlib": {
            "hashes": [
                "sha256:226d1d0960f86ba5d9efd426a70b291eaba96f47d071657e0254ea969025728a",
                "sha256:81ba22acada4d13b1d83f9371ab19fd61f1250a542d21cf49e4dcf0637a7344a"
            ],
            "index": "pypi",
            "version": "==0.2.0"
        },
        "httplib2": {
            "hashes": [
                "sha256:14ae0a53c1ba8f3d37e9e27cf37eabb0fb9980f435ba405d546948b009dd64dc",
                "sha256:d7a10bc5ef5ab08322488bde8c726eeee5c8618723fdb399597ec58f3d82df81"
            ],
            "markers": "python_version >= '2.7' and python_version not in '3.0, 3.1, 3.2, 3.3'",
            "version": "==0.22.0"
        },
        "idna": {
            "hashes": [
                "sha256:c357b3f628cf53ae2c4c05627ecc484553142ca23264e593d327bcde5e9c3407",
                "sha256:ea8b7f6188e6fa117537c3df7da9fc686d485087abf6ac197f9c46432f7e4a3c"
            ],
            "markers": "python_version >= '2.7' and python_version not in '3.0, 3.1, 3.2, 3.3'",
            "version": "==2.8"
        },
        "oauthlib": {
            "hashes": [
                "sha256:8139f29aac13e25d502680e9e19963e83f16838d48a0d71c287fe40e7067fbca",
                "sha256:9859c40929662bec5d64f34d01c99e093149682a3f38915dc0655d5a633dd918"
            ],
            "markers": "python_version >= '3.6'",
            "version": "==3.2.2"
        },
        "paho-mqtt": {
            "hashes": [
                "sha256:e440a052b46d222e184be3be38676378722072fcd4dfd2c8f509fb861a7b0b79"
            ],
            "index": "pypi",
            "version": "==1.4.0"
        },
        "pigpio": {
            "hashes": [
                "sha256:274fc6df10a787e6a34b748a61a142f38dbf812b386f5b1762c66ad6a67b7873",
                "sha256:30b48583991008773aff73d784976884584a868e78936ca64689b1f298160c2e"
            ],
            "index": "pypi",
            "version": "==1.42"
        },
        "pillow": {
            "hashes": [
                "sha256:03150abd92771742d4a8cd6f2fa6246d847dcd2e332a18d0c15cc75bf6703040",
                "sha256:073adb2ae23431d3b9bcbcff3fe698b62ed47211d0716b067385538a1b0f28b8",
                "sha256:0b07fffc13f474264c336298d1b4ce01d9c5a011415b79d4ee5527bb69ae6f65",
                "sha256:0b7257127d646ff8676ec8a15520013a698d1fdc48bc2a79ba4e53df792526f2",
                "sha256:12ce4932caf2ddf3e41d17fc9c02d67126935a44b86df6a206cf0d7161548627",
                "sha256:15c42fb9dea42465dfd902fb0ecf584b8848ceb28b41ee2b58f866411be33f07",
                "sha256:18498994b29e1cf86d505edcb7edbe814d133d2232d256db8c7a8ceb34d18cef",
                "sha256:1c7c8ae3864846fc95f4611c78129301e203aaa2af813b703c55d10cc1628535",
                "sha256:22b012ea2d065fd163ca096f4e37e47cd8b59cf4b0fd47bfca6abb93df70b34c",
                "sha256:276a5ca930c913f714e372b2591a22c4bd3b81a418c0f6635ba832daec1cbcfc",
                "sha256:2e0918e03aa0c72ea56edbb00d4d664294815aa11291a11504a377ea018330d3",
                "sha256:3033fbe1feb1b59394615a1cafaee85e49d01b51d54de0cbf6aa8e64182518a1",
                "sha256:3168434d303babf495d4ba58fc22d6604f6e2afb97adc6a423e917dab828939c",
                "sha256:32a44128c4bdca7f31de5be641187367fe2a450ad83b833ef78910397db491aa",
                "sha256:3dd6caf940756101205dffc5367babf288a30043d35f80936f9bfb37f8355b32",
                "sha256:40e1ce476a7804b0fb74bcfa80b0a2206ea6a882938eaba917f7a0f004b42502",
                "sha256:41e0051336807468be450d52b8edd12ac60bebaa97fe10c8b660f116e50b30e4",
                "sha256:4390e9ce199fc1951fcfa65795f239a8a4944117b5935a9317fb320e7767b40f",
                "sha256:502526a2cbfa431d9fc2a079bdd9061a2397b842bb6bc4239bb176da00993812",
                "sha256:51e0e543a33ed92db9f5ef69a0356e0b1a7a6b6a71b80df99f1d181ae5875636",
                "sha256:57751894f6618fd4308ed8e0c36c333e2f5469744c34729a27532b3db106ee20",
                "sha256:5d77adcd56a42d00cc1be30843d3426aa4e660cab4a61021dc84467123f7a00c",
                "sha256:655a83b0058ba47c7c52e4e2df5ecf484c1b0b0349805896dd350cbc416bdd91",
                "sha256:68943d632f1f9e3dce98908e873b3a090f6cba1cbb1b892a9e8d97c938871fbe",
                "sha256:6c738585d7a9961d8c2821a1eb3dcb978d14e238be3d70f0a706f7fa9316946b",
                "sha256:73bd195e43f3fadecfc50c682f5055ec32ee2c933243cafbfdec69ab1aa87cad",
                "sha256:772a91fc0e03eaf922c63badeca75e91baa80fe2f5f87bdaed4280662aad25c9",
                "sha256:77ec3e7be99629898c9a6d24a09de089fa5356ee408cdffffe62d67bb75fdd72",
                "sha256:7db8b751ad307d7cf238f02101e8e36a128a6cb199326e867d1398067381bff4",
                "sha256:801ec82e4188e935c7f5e22e006d01611d6b41661bba9fe45b60e7ac1a8f84de",
                "sha256:82409ffe29d70fd733ff3c1025a602abb3e67405d41b9403b00b01debc4c9a29",
                "sha256:828989c45c245518065a110434246c44a56a8b2b2f6347d1409c787e6e4651ee",
                "sha256:829f97c8e258593b9daa80638aee3789b7df9da5cf1336035016d76f03b8860c",
                "sha256:871b72c3643e516db4ecf20efe735deb27fe30ca17800e661d769faab45a18d7",
                "sha256:89dca0ce00a2b49024df6325925555d406b14aa3efc2f752dbb5940c52c56b11",
                "sha256:90fb88843d3902fe7c9586d439d1e8c05258f41da473952aa8b328d8b907498c",
                "sha256:97aabc5c50312afa5e0a2b07c17d4ac5e865b250986f8afe2b02d772567a380c",
                "sha256:9aaa107275d8527e9d6e7670b64aabaaa36e5b6bd71a1015ddd21da0d4e06448",
                "sha256:9f47eabcd2ded7698106b05c2c338672d16a6f2a485e74481f524e2a23c2794b",
                "sha256:a0a06a052c5f37b4ed81c613a455a81f9a3a69429b4fd7bb913c3fa98abefc20",
                "sha256:ab388aaa3f6ce52ac1cb8e122c4bd46657c15905904b3120a6248b5b8b0bc228",
                "sha256:ad58d27a5b0262c0c19b47d54c5802db9b34d38bbf886665b626aff83c74bacd",
                "sha256:ae5331c23ce118c53b172fa64a4c037eb83c9165aba3a7ba9ddd3ec9fa64a699",
                "sha256:af0372acb5d3598f36ec0914deed2a63f6bcdb7b606da04dc19a88d31bf0c05b",
                "sha256:afa4107d1b306cdf8953edde0534562607fe8811b6c4d9a486298ad31de733b2",
                "sha256:b03ae6f1a1878233ac620c98f3459f79fd77c7e3c2b20d460284e1fb370557d4",
                "sha256:b0915e734b33a474d76c28e07292f196cdf2a590a0d25bcc06e64e545f2d146c",
                "sha256:b4012d06c846dc2b80651b120e2cdd787b013deb39c09f407727ba90015c684f",
                "sha256:b472b5ea442148d1c3e2209f20f1e0bb0eb556538690fa70b5e1f79fa0ba8dc2",
                "sha256:b59430236b8e58840a0dfb4099a0e8717ffb779c952426a69ae435ca1f57210c",
                "sha256:b90f7616ea170e92820775ed47e136208e04c967271c9ef615b6fbd08d9af0e3",
                "sha256:b9a65733d103311331875c1dca05cb4606997fd33d6acfed695b1232ba1df193",
                "sha256:bac18ab8d2d1e6b4ce25e3424f709aceef668347db8637c2296bcf41acb7cf48",
                "sha256:bca31dd6014cb8b0b2db1e46081b0ca7d936f856da3b39744aef499db5d84d02",
                "sha256:be55f8457cd1eac957af0c3f5ece7bc3f033f89b114ef30f710882717670b2a8",
                "sha256:c7025dce65566eb6e89f56c9509d4f628fddcedb131d9465cacd3d8bac337e7e",
                "sha256:c935a22a557a560108d780f9a0fc426dd7459940dc54faa49d83249c8d3e760f",
                "sha256:dbb8e7f2abee51cef77673be97760abff1674ed32847ce04b4af90f610144c7b",
                "sha256:e6ea6b856a74d560d9326c0f5895ef8050126acfdc7ca08ad703eb0081e82b74",
                "sha256:ebf2029c1f464c59b8bdbe5143c79fa2045a581ac53679733d3a91d400ff9efb",
                "sha256:f1ff2ee69f10f13a9596480335f406dd1f70c3650349e2be67ca3139280cade0"
            ],
            "index": "pypi",
            "version": "==9.3.0"
        },
        "psutil": {
            "hashes": [
                "sha256:5ce6b5eb0267233459f4d3980c205828482f450999b8f5b684d9629fea98782a",
                "sha256:72cebfaa422b7978a1d3632b65ff734a34c6b34f4578b68a5c204d633756b810",
                "sha256:77c231b4dff8c1c329a4cd1c22b96c8976c597017ff5b09993cd148d6a94500c",
                "sha256:8846ab0be0cdccd6cc92ecd1246a16e2f2e49f53bd73e522c3a75ac291e1b51d",
                "sha256:a013b4250ccbddc9d22feca0f986a1afc71717ad026c0f2109bbffd007351191",
                "sha256:ad43b83119eeea6d5751023298cd331637e542cbd332196464799e25a5519f8f",
                "sha256:c177777c787d247d02dae6c855330f9ed3e1abf8ca1744c26dd5ff968949999a",
                "sha256:ec1ef313530a9457e48d25e3fdb1723dfa636008bf1b970027462d46f2555d59",
                "sha256:ef3e5e02b3c5d1df366abe7b4820400d5c427579668ad4465ff189d28ded5ebd"
            ],
            "index": "pypi",
            "version": "==5.5.1"
        },
        "psycopg2-binary": {
            "hashes": [
                "sha256:19a2d1f3567b30f6c2bb3baea23f74f69d51f0c06c2e2082d0d9c28b0733a4c2",
                "sha256:2b69cf4b0fa2716fd977aa4e1fd39af6110eb47b2bb30b4e5a469d8fbecfc102",
                "sha256:2e952fa17ba48cbc2dc063ddeec37d7dc4ea0ef7db0ac1eda8906365a8543f31",
                "sha256:348b49dd737ff74cfb5e663e18cb069b44c64f77ec0523b5794efafbfa7df0b8",
                "sha256:3d72a5fdc5f00ca85160915eb9a973cf9a0ab8148f6eda40708bf672c55ac1d1",
                "sha256:4957452f7868f43f32c090dadb4188e9c74a4687323c87a882e943c2bd4780c3",
                "sha256:5138cec2ee1e53a671e11cc519505eb08aaaaf390c508f25b09605763d48de4b",
                "sha256:587098ca4fc46c95736459d171102336af12f0d415b3b865972a79c03f06259f",
                "sha256:5b79368bcdb1da4a05f931b62760bea0955ee2c81531d8e84625df2defd3f709",
                "sha256:5cf43807392247d9bc99737160da32d3fa619e0bfd85ba24d1c78db205f472a4",
                "sha256:676d1a80b1eebc0cacae8dd09b2fde24213173bf65650d22b038c5ed4039f392",
                "sha256:6b0211ecda389101a7d1d3df2eba0cf7ffbdd2480ca6f1d2257c7bd739e84110",
                "sha256:79cde4660de6f0bb523c229763bd8ad9a93ac6760b72c369cf1213955c430934",
                "sha256:7aba9786ac32c2a6d5fb446002ed936b47d5e1f10c466ef7e48f66eb9f9ebe3b",
                "sha256:7c8159352244e11bdd422226aa17651110b600d175220c451a9acf795e7414e0",
                "sha256:945f2eedf4fc6b2432697eb90bb98cc467de5147869e57405bfc31fa0b824741",
                "sha256:96b4e902cde37a7fc6ab306b3ac089a3949e6ce3d824eeca5b19dc0bedb9f6e2",
                "sha256:9a7bccb1212e63f309eb9fab47b6eaef796f59850f169a25695b248ca1bf681b",
                "sha256:a3bfcac727538ec11af304b5eccadbac952d4cca1a551a29b8fe554e3ad535dc",
                "sha256:b19e9f1b85c5d6136f5a0549abdc55dcbd63aba18b4f10d0d063eb65ef2c68b4",
                "sha256:b664011bb14ca1f2287c17185e222f2098f7b4c857961dbcf9badb28786dbbf4",
                "sha256:bde7959ef012b628868d69c474ec4920252656d0800835ed999ba5e4f57e3e2e",
                "sha256:cb095a0657d792c8de9f7c9a0452385a309dfb1bbbb3357d6b1e216353ade6ca",
                "sha256:d16d42a1b9772152c1fe606f679b2316551f7e1a1ce273e7f808e82a136cdb3d",
                "sha256:d444b1545430ffc1e7a24ce5a9be122ccd3b135a7b7e695c5862c5aff0b11159",
                "sha256:d93ccc7bf409ec0a23f2ac70977507e0b8a8d8c54e5ee46109af2f0ec9e411f3",
                "sha256:df6444f952ca849016902662e1a47abf4fa0678d75f92fd9dd27f20525f809cd",
                "sha256:e63850d8c52ba2b502662bf3c02603175c2397a9acc756090e444ce49508d41e",
                "sha256:ec43358c105794bc2b6fd34c68d27f92bea7102393c01889e93f4b6a70975728",
                "sha256:f4c6926d9c03dadce7a3b378b40d2fea912c1344ef9b29869f984fb3d2a2420b"
            ],
            "index": "pypi",
            "version": "==2.7.7"
        },
        "pyasn1": {
            "hashes": [
                "sha256:014c0e9976956a08139dc0712ae195324a75e142284d5f87f1a87ee1b068a359",
                "sha256:03840c999ba71680a131cfaee6fab142e1ed9bbd9c693e285cc6aca0d555e576",
                "sha256:0458773cfe65b153891ac249bcf1b5f8f320b7c2ce462151f8fa74de8934becf",
                "sha256:08c3c53b75eaa48d71cf8c710312316392ed40899cb34710d092e96745a358b7",
                "sha256:39c7e2ec30515947ff4e87fb6f456dfc6e84857d34be479c9d4a4ba4bf46aa5d",
                "sha256:5c9414dcfede6e441f7e8f81b43b34e834731003427e5b09e4e00e3172a10f00",
                "sha256:6e7545f1a61025a4e58bb336952c5061697da694db1cae97b116e9c46abcf7c8",
                "sha256:78fa6da68ed2727915c4767bb386ab32cdba863caa7dbe473eaae45f9959da86",
                "sha256:7ab8a544af125fb704feadb008c99a88805126fb525280b2270bb25cc1d78a12",
                "sha256:99fcc3c8d804d1bc6d9a099921e39d827026409a58f2a720dcdb89374ea0c776",
                "sha256:aef77c9fb94a3ac588e87841208bdec464471d9871bd5050a287cc9a475cd0ba",
                "sha256:e89bf84b5437b532b0803ba5c9a5e054d21fec423a89952a74f87fa2c9b7bce2",
                "sha256:fec3e9d8e36808a28efb59b489e4528c10ad0f480e57dcc32b4de5c9d8c9fdf3"
            ],
            "version": "==0.4.8"
        },
        "pyasn1-modules": {
            "hashes": [
                "sha256:0845a5582f6a02bb3e1bde9ecfc4bfcae6ec3210dd270522fee602365430c3f8",
                "sha256:0fe1b68d1e486a1ed5473f1302bd991c1611d319bba158e98b106ff86e1d7199",
                "sha256:15b7c67fabc7fc240d87fb9aabf999cf82311a6d6fb2c70d00d3d0604878c811",
                "sha256:426edb7a5e8879f1ec54a1864f16b882c2837bfd06eee62f2c982315ee2473ed",
                "sha256:65cebbaffc913f4fe9e4808735c95ea22d7a7775646ab690518c056784bc21b4",
                "sha256:905f84c712230b2c592c19470d3ca8d552de726050d1d1716282a1f6146be65e",
                "sha256:a50b808ffeb97cb3601dd25981f6b016cbb3d31fbf57a8b8a87428e6158d0c74",
                "sha256:a99324196732f53093a84c4369c996713eb8c89d360a496b599fb1a9c47fc3eb",
                "sha256:b80486a6c77252ea3a3e9b1e360bc9cf28eaac41263d173c032581ad2f20fe45",
                "sha256:c29a5e5cc7a3f05926aff34e097e84f8589cd790ce0ed41b67aed6857b26aafd",
                "sha256:cbac4bc38d117f2a49aeedec4407d23e8866ea4ac27ff2cf7fb3e5b570df19e0",
                "sha256:f39edd8c4ecaa4556e989147ebf219227e2cd2e8a43c7e7fcb1f1c18c5fd6a3d",
                "sha256:fe0644d9ab041506b62782e92b06b8c68cca799e1a9636ec398675459e031405"
            ],
            "version": "==0.2.8"
        },
        "pyautogui": {
            "hashes": [
                "sha256:1b57b1c8eeeff74bdbbe91162607ca7ac951e918b250072dcd3dd30c3f73da7c"
            ],
            "index": "pypi",
            "version": "==0.9.41"
        },
        "pygetwindow": {
            "hashes": [
                "sha256:17894355e7d2b305cd832d717708384017c1698a90ce24f6f7fbf0242dd0a688"
            ],
            "version": "==0.0.9"
        },
        "pymsgbox": {
            "hashes": [
                "sha256:2194227de8bff7a3d6da541848705a155dcbb2a06ee120d9f280a1d7f51263ff"
            ],
            "version": "==1.0.9"
        },
        "pyparsing": {
            "hashes": [
                "sha256:2b020ecf7d21b687f219b71ecad3631f644a47f01403fa1d1036b0c6416d70fb",
                "sha256:5026bae9a10eeaefb61dab2f09052b9f4307d44aee4eda64b309723d8d206bbc"
            ],
            "markers": "python_version >= '3.1'",
            "version": "==3.0.9"
        },
        "pyrect": {
            "hashes": [
                "sha256:f65155f6df9b929b67caffbd57c0947c5ae5449d3b580d178074bffb47a09b78"
            ],
            "version": "==0.2.0"
        },
        "pyscreeze": {
            "hashes": [
                "sha256:4428600ed19b30cd3f4b5d83767d198fc1dbae7439eecf9bd795445c009b67ae"
            ],
            "markers": "python_version >= '2.7' and python_version not in '3.0, 3.1, 3.2, 3.3'",
            "version": "==0.1.28"
        },
        "python-dotenv": {
            "hashes": [
                "sha256:a84569d0e00d178bc5b957f7ff208bf49287cbf61857c31c258c4a91f571527b",
                "sha256:c9b1ddd3cdbe75c7d462cb84674d87130f4b948f090f02c7d7144779afb99ae0"
            ],
            "index": "pypi",
            "version": "==0.10.1"
        },
        "pytweening": {
            "hashes": [
                "sha256:8533282cf70b31de8a0499e1cf420930b0013c787118872b2ec899382792e2e6"
            ],
            "version": "==1.0.4"
        },
        "requests": {
            "hashes": [
                "sha256:502a824f31acdacb3a35b6690b5fbf0bc41d63a24a45c4004352b0242707598e",
                "sha256:7bf2a778576d825600030a110f3c0e3e8edc51dfaafe1c146e39a2027784957b"
            ],
            "index": "pypi",
            "version": "==2.21.0"
        },
        "requests-oauthlib": {
            "hashes": [
                "sha256:2577c501a2fb8d05a304c09d090d6e47c306fef15809d102b327cf8364bddab5",
                "sha256:75beac4a47881eeb94d5ea5d6ad31ef88856affe2332b9aafb52c6452ccf0d7a"
            ],
            "markers": "python_version >= '2.7' and python_version not in '3.0, 3.1, 3.2, 3.3'",
            "version": "==1.3.1"
        },
        "rsa": {
            "hashes": [
                "sha256:90260d9058e514786967344d0ef75fa8727eed8a7d2e43ce9f4bcf1b536174f7",
                "sha256:e38464a49c6c85d7f1351b0126661487a7e0a14a50f1675ec50eb34d4f20ef21"
            ],
            "markers": "python_version >= '3.6'",
            "version": "==4.9"
        },
        "six": {
            "hashes": [
                "sha256:1e61c37477a1626458e36f7b1d82aa5c9b094fa4802892072e49de9c60c4c926",
                "sha256:8abb2f1d86890a2dfb989f9a77cfcfd3e47c2a354b01111771326f8aa26e0254"
            ],
            "markers": "python_version >= '2.7' and python_version not in '3.0, 3.1, 3.2, 3.3'",
            "version": "==1.16.0"
        },
        "smmap": {
            "hashes": [
                "sha256:2aba19d6a040e78d8b09de5c57e96207b09ed71d8e55ce0959eeee6c8e190d94",
                "sha256:c840e62059cd3be204b0c9c9f74be2c09d5648eddd4580d9314c3ecde0b30936"
            ],
            "markers": "python_version >= '3.6'",
            "version": "==5.0.0"
        },
        "soupsieve": {
            "hashes": [
                "sha256:49e5368c2cda80ee7e84da9dbe3e110b70a4575f196efb74e51b94549d921955",
                "sha256:e28dba9ca6c7c00173e34e4ba57448f0688bb681b7c5e8bf4971daafc093d69a"
            ],
            "markers": "python_version >= '3.7'",
            "version": "==2.4"
        },
        "uritemplate": {
            "hashes": [
                "sha256:07620c3f3f8eed1f12600845892b0e036a2420acf513c53f7de0abd911a5894f",
                "sha256:5af8ad10cec94f215e3f48112de2022e1d5a37ed427fbd88652fa908f2ab7cae"
            ],
            "markers": "python_version >= '2.7' and python_version not in '3.0, 3.1, 3.2, 3.3'",
            "version": "==3.0.1"
        },
        "urllib3": {
            "hashes": [
                "sha256:2393a695cd12afedd0dcb26fe5d50d0cf248e5a66f75dbd89a3d4eb333a61af4",
                "sha256:a637e5fae88995b256e3409dc4d52c2e2e0ba32c42a6365fee8bbd2238de3cfb"
            ],
            "markers": "python_version >= '2.7' and python_version not in '3.0, 3.1, 3.2, 3.3' and python_version < '4'",
            "version": "==1.24.3"
        },
        "websocket-client": {
            "hashes": [
                "sha256:8c8bf2d4f800c3ed952df206b18c28f7070d9e3dcbd6ca6291127574f57ee786",
                "sha256:e51562c91ddb8148e791f0155fdb01325d99bb52c4cdbb291aee7a3563fd0849"
            ],
            "index": "pypi",
            "version": "==0.54.0"
        }
    },
    "develop": {}
}
