{
    "_meta": {
        "hash": {
            "sha256": "b0f2ab3eb7855c9fac932b75b4573111b57aa345709622a48f1952a7b729d6e3"
        },
        "pipfile-spec": 6,
        "requires": {
            "python_version": "3.7"
        },
        "sources": [
            {
                "name": "pypi",
                "url": "https://pypi.org/simple",
                "verify_ssl": true
            }
        ]
    },
    "default": {
        "beautifulsoup4": {
            "hashes": [
                "sha256:034740f6cb549b4e932ae1ab975581e6103ac8f942200a0e9759065984391858",
                "sha256:945065979fb8529dd2f37dbb58f00b661bdbcbebf954f93b32fdf5263ef35348",
                "sha256:ba6d5c59906a85ac23dadfe5c88deaf3e179ef565f4898671253e50a78680718"
            ],
            "index": "pypi",
            "version": "==4.7.1"
        },
        "cachetools": {
            "hashes": [
                "sha256:13dfddc7b8df938c21a940dfa6557ce6e94a2f1cdfa58eb90c805721d58f2c14",
                "sha256:429e1a1e845c008ea6c85aa35d4b98b65d6a9763eeef3e37e92728a12d1de9d4"
            ],
            "markers": "python_version ~= '3.7'",
            "version": "==5.3.0"
        },
        "certifi": {
            "hashes": [
                "sha256:35824b4c3a97115964b408844d64aa14db1cc518f6562e8d7261699d1350a9e3",
                "sha256:4ad3232f5e926d6718ec31cfc1fcadfde020920e278684144551c91769c7bc18"
            ],
            "index": "pypi",
            "version": "==2022.12.7"
        },
        "chardet": {
            "hashes": [
                "sha256:84ab92ed1c4d4f16916e05906b6b75a6c0fb5db821cc65e70cbd64a3e2a5eaae",
                "sha256:fc323ffcaeaed0e0a02bf4d117757b98aed530d9ed4531e3e15460124c106691"
            ],
            "version": "==3.0.4"
        },
        "gitdb": {
            "hashes": [
                "sha256:6eb990b69df4e15bad899ea868dc46572c3f75339735663b81de79b06f17eb9a",
                "sha256:c286cf298426064079ed96a9e4a9d39e7f3e9bf15ba60701e95f5492f28415c7"
            ],
            "markers": "python_version >= '3.7'",
            "version": "==4.0.10"
        },
        "gitdb2": {
            "hashes": [
                "sha256:0986cb4003de743f2b3aba4c828edd1ab58ce98e1c4a8acf72ef02760d4beb4e",
                "sha256:a1c974e5fab8c2c90192c1367c81cbc54baec04244bda1816e9c8ab377d1cba3"
            ],
            "markers": "python_version >= '2.7' and python_version not in '3.0, 3.1, 3.2, 3.3'",
            "version": "==4.0.2"
        },
        "gitpython": {
            "hashes": [
                "sha256:563221e5a44369c6b79172f455584c9ebbb122a13368cc82cb4b5addff788f82",
                "sha256:8237dc5bfd6f1366abeee5624111b9d6879393d84745a507de0fda86043b65a8"
            ],
            "index": "pypi",
            "version": "==2.1.11"
        },
        "google-api-python-client": {
            "hashes": [
                "sha256:06907006ed5ce831018f03af3852d739c0b2489cdacfda6971bcc2075c762858",
                "sha256:937eabdc3940977f712fa648a096a5142766b6d0a0f58bc603e2ac0687397ef0"
            ],
            "index": "pypi",
            "version": "==1.7.8"
        },
        "google-auth": {
            "hashes": [
                "sha256:295c80ebb95eac74003c07a696cf3ef6b414e9230ae8894f3843f8215fd2aa56",
                "sha256:544536a43d44dff0f64222e4d027d124989fcb9c10979687e589e1694fba9c94"
            ],
            "markers": "python_version >= '2.7' and python_version not in '3.0, 3.1, 3.2, 3.3, 3.4, 3.5'",
            "version": "==2.17.2"
        },
        "google-auth-httplib2": {
            "hashes": [
                "sha256:31e49c36c6b5643b57e82617cb3e021e3e1d2df9da63af67252c02fa9c1f4a10",
                "sha256:a07c39fd632becacd3f07718dfd6021bf396978f03ad3ce4321d060015cc30ac"
            ],
            "version": "==0.1.0"
        },
        "google-auth-oauthlib": {
            "hashes": [
                "sha256:226d1d0960f86ba5d9efd426a70b291eaba96f47d071657e0254ea969025728a",
                "sha256:81ba22acada4d13b1d83f9371ab19fd61f1250a542d21cf49e4dcf0637a7344a"
            ],
            "index": "pypi",
            "version": "==0.2.0"
        },
        "httplib2": {
            "hashes": [
                "sha256:14ae0a53c1ba8f3d37e9e27cf37eabb0fb9980f435ba405d546948b009dd64dc",
                "sha256:d7a10bc5ef5ab08322488bde8c726eeee5c8618723fdb399597ec58f3d82df81"
            ],
            "markers": "python_version >= '2.7' and python_version not in '3.0, 3.1, 3.2, 3.3'",
            "version": "==0.22.0"
        },
        "idna": {
            "hashes": [
                "sha256:c357b3f628cf53ae2c4c05627ecc484553142ca23264e593d327bcde5e9c3407",
                "sha256:ea8b7f6188e6fa117537c3df7da9fc686d485087abf6ac197f9c46432f7e4a3c"
            ],
            "markers": "python_version >= '2.7' and python_version not in '3.0, 3.1, 3.2, 3.3'",
            "version": "==2.8"
        },
        "oauthlib": {
            "hashes": [
                "sha256:8139f29aac13e25d502680e9e19963e83f16838d48a0d71c287fe40e7067fbca",
                "sha256:9859c40929662bec5d64f34d01c99e093149682a3f38915dc0655d5a633dd918"
            ],
            "markers": "python_version >= '3.6'",
            "version": "==3.2.2"
        },
        "paho-mqtt": {
            "hashes": [
                "sha256:e440a052b46d222e184be3be38676378722072fcd4dfd2c8f509fb861a7b0b79"
            ],
            "index": "pypi",
            "version": "==1.4.0"
        },
        "pigpio": {
            "hashes": [
                "sha256:274fc6df10a787e6a34b748a61a142f38dbf812b386f5b1762c66ad6a67b7873",
                "sha256:30b48583991008773aff73d784976884584a868e78936ca64689b1f298160c2e"
            ],
            "index": "pypi",
            "version": "==1.42"
        },
        "pillow": {
            "hashes": [
                "sha256:07999f5834bdc404c442146942a2ecadd1cb6292f5229f4ed3b31e0a108746b1",
                "sha256:0852ddb76d85f127c135b6dd1f0bb88dbb9ee990d2cd9aa9e28526c93e794fba",
                "sha256:1781a624c229cb35a2ac31cc4a77e28cafc8900733a864870c49bfeedacd106a",
                "sha256:1e7723bd90ef94eda669a3c2c19d549874dd5badaeefabefd26053304abe5799",
                "sha256:229e2c79c00e85989a34b5981a2b67aa079fd08c903f0aaead522a1d68d79e51",
                "sha256:22baf0c3cf0c7f26e82d6e1adf118027afb325e703922c8dfc1d5d0156bb2eeb",
                "sha256:252a03f1bdddce077eff2354c3861bf437c892fb1832f75ce813ee94347aa9b5",
                "sha256:2dfaaf10b6172697b9bceb9a3bd7b951819d1ca339a5ef294d1f1ac6d7f63270",
                "sha256:322724c0032af6692456cd6ed554bb85f8149214d97398bb80613b04e33769f6",
                "sha256:35f6e77122a0c0762268216315bf239cf52b88865bba522999dc38f1c52b9b47",
                "sha256:375f6e5ee9620a271acb6820b3d1e94ffa8e741c0601db4c0c4d3cb0a9c224bf",
                "sha256:3ded42b9ad70e5f1754fb7c2e2d6465a9c842e41d178f262e08b8c85ed8a1d8e",
                "sha256:432b975c009cf649420615388561c0ce7cc31ce9b2e374db659ee4f7d57a1f8b",
                "sha256:482877592e927fd263028c105b36272398e3e1be3269efda09f6ba21fd83ec66",
                "sha256:489f8389261e5ed43ac8ff7b453162af39c3e8abd730af8363587ba64bb2e865",
                "sha256:54f7102ad31a3de5666827526e248c3530b3a33539dbda27c6843d19d72644ec",
                "sha256:560737e70cb9c6255d6dcba3de6578a9e2ec4b573659943a5e7e4af13f298f5c",
                "sha256:5671583eab84af046a397d6d0ba25343c00cd50bce03787948e0fff01d4fd9b1",
                "sha256:5ba1b81ee69573fe7124881762bb4cd2e4b6ed9dd28c9c60a632902fe8db8b38",
                "sha256:5d4ebf8e1db4441a55c509c4baa7a0587a0210f7cd25fcfe74dbbce7a4bd1906",
                "sha256:60037a8db8750e474af7ffc9faa9b5859e6c6d0a50e55c45576bf28be7419705",
                "sha256:608488bdcbdb4ba7837461442b90ea6f3079397ddc968c31265c1e056964f1ef",
                "sha256:6608ff3bf781eee0cd14d0901a2b9cc3d3834516532e3bd673a0a204dc8615fc",
                "sha256:662da1f3f89a302cc22faa9f14a262c2e3951f9dbc9617609a47521c69dd9f8f",
                "sha256:7002d0797a3e4193c7cdee3198d7c14f92c0836d6b4a3f3046a64bd1ce8df2bf",
                "sha256:763782b2e03e45e2c77d7779875f4432e25121ef002a41829d8868700d119392",
                "sha256:77165c4a5e7d5a284f10a6efaa39a0ae8ba839da344f20b111d62cc932fa4e5d",
                "sha256:7c9af5a3b406a50e313467e3565fc99929717f780164fe6fbb7704edba0cebbe",
                "sha256:7ec6f6ce99dab90b52da21cf0dc519e21095e332ff3b399a357c187b1a5eee32",
                "sha256:833b86a98e0ede388fa29363159c9b1a294b0905b5128baf01db683672f230f5",
                "sha256:84a6f19ce086c1bf894644b43cd129702f781ba5751ca8572f08aa40ef0ab7b7",
                "sha256:8507eda3cd0608a1f94f58c64817e83ec12fa93a9436938b191b80d9e4c0fc44",
                "sha256:85ec677246533e27770b0de5cf0f9d6e4ec0c212a1f89dfc941b64b21226009d",
                "sha256:8aca1152d93dcc27dc55395604dcfc55bed5f25ef4c98716a928bacba90d33a3",
                "sha256:8d935f924bbab8f0a9a28404422da8af4904e36d5c33fc6f677e4c4485515625",
                "sha256:8f36397bf3f7d7c6a3abdea815ecf6fd14e7fcd4418ab24bae01008d8d8ca15e",
                "sha256:91ec6fe47b5eb5a9968c79ad9ed78c342b1f97a091677ba0e012701add857829",
                "sha256:965e4a05ef364e7b973dd17fc765f42233415974d773e82144c9bbaaaea5d089",
                "sha256:96e88745a55b88a7c64fa49bceff363a1a27d9a64e04019c2281049444a571e3",
                "sha256:99eb6cafb6ba90e436684e08dad8be1637efb71c4f2180ee6b8f940739406e78",
                "sha256:9adf58f5d64e474bed00d69bcd86ec4bcaa4123bfa70a65ce72e424bfb88ed96",
                "sha256:9b1af95c3a967bf1da94f253e56b6286b50af23392a886720f563c547e48e964",
                "sha256:a0aa9417994d91301056f3d0038af1199eb7adc86e646a36b9e050b06f526597",
                "sha256:a0f9bb6c80e6efcde93ffc51256d5cfb2155ff8f78292f074f60f9e70b942d99",
                "sha256:a127ae76092974abfbfa38ca2d12cbeddcdeac0fb71f9627cc1135bedaf9d51a",
                "sha256:aaf305d6d40bd9632198c766fb64f0c1a83ca5b667f16c1e79e1661ab5060140",
                "sha256:aca1c196f407ec7cf04dcbb15d19a43c507a81f7ffc45b690899d6a76ac9fda7",
                "sha256:ace6ca218308447b9077c14ea4ef381ba0b67ee78d64046b3f19cf4e1139ad16",
                "sha256:b416f03d37d27290cb93597335a2f85ed446731200705b22bb927405320de903",
                "sha256:bf548479d336726d7a0eceb6e767e179fbde37833ae42794602631a070d630f1",
                "sha256:c1170d6b195555644f0616fd6ed929dfcf6333b8675fcca044ae5ab110ded296",
                "sha256:c380b27d041209b849ed246b111b7c166ba36d7933ec6e41175fd15ab9eb1572",
                "sha256:c446d2245ba29820d405315083d55299a796695d747efceb5717a8b450324115",
                "sha256:c830a02caeb789633863b466b9de10c015bded434deb3ec87c768e53752ad22a",
                "sha256:cb841572862f629b99725ebaec3287fc6d275be9b14443ea746c1dd325053cbd",
                "sha256:cfa4561277f677ecf651e2b22dc43e8f5368b74a25a8f7d1d4a3a243e573f2d4",
                "sha256:cfcc2c53c06f2ccb8976fb5c71d448bdd0a07d26d8e07e321c103416444c7ad1",
                "sha256:d3c6b54e304c60c4181da1c9dadf83e4a54fd266a99c70ba646a9baa626819eb",
                "sha256:d3d403753c9d5adc04d4694d35cf0391f0f3d57c8e0030aac09d7678fa8030aa",
                "sha256:d9c206c29b46cfd343ea7cdfe1232443072bbb270d6a46f59c259460db76779a",
                "sha256:e49eb4e95ff6fd7c0c402508894b1ef0e01b99a44320ba7d8ecbabefddcc5569",
                "sha256:f8286396b351785801a976b1e85ea88e937712ee2c3ac653710a4a57a8da5d9c",
                "sha256:f8fc330c3370a81bbf3f88557097d1ea26cd8b019d6433aa59f71195f5ddebbf",
                "sha256:fbd359831c1657d69bb81f0db962905ee05e5e9451913b18b831febfe0519082",
                "sha256:fe7e1c262d3392afcf5071df9afa574544f28eac825284596ac6db56e6d11062",
                "sha256:fed1e1cf6a42577953abbe8e6cf2fe2f566daebde7c34724ec8803c4c0cda579"
            ],
            "markers": "python_version >= '3.7'",
            "version": "==9.5.0"
        },
        "psutil": {
            "hashes": [
                "sha256:5ce6b5eb0267233459f4d3980c205828482f450999b8f5b684d9629fea98782a",
                "sha256:72cebfaa422b7978a1d3632b65ff734a34c6b34f4578b68a5c204d633756b810",
                "sha256:77c231b4dff8c1c329a4cd1c22b96c8976c597017ff5b09993cd148d6a94500c",
                "sha256:8846ab0be0cdccd6cc92ecd1246a16e2f2e49f53bd73e522c3a75ac291e1b51d",
                "sha256:a013b4250ccbddc9d22feca0f986a1afc71717ad026c0f2109bbffd007351191",
                "sha256:ad43b83119eeea6d5751023298cd331637e542cbd332196464799e25a5519f8f",
                "sha256:c177777c787d247d02dae6c855330f9ed3e1abf8ca1744c26dd5ff968949999a",
                "sha256:ec1ef313530a9457e48d25e3fdb1723dfa636008bf1b970027462d46f2555d59",
                "sha256:ef3e5e02b3c5d1df366abe7b4820400d5c427579668ad4465ff189d28ded5ebd"
            ],
            "index": "pypi",
            "version": "==5.5.1"
        },
        "psycopg2-binary": {
            "hashes": [
                "sha256:19a2d1f3567b30f6c2bb3baea23f74f69d51f0c06c2e2082d0d9c28b0733a4c2",
                "sha256:2b69cf4b0fa2716fd977aa4e1fd39af6110eb47b2bb30b4e5a469d8fbecfc102",
                "sha256:2e952fa17ba48cbc2dc063ddeec37d7dc4ea0ef7db0ac1eda8906365a8543f31",
                "sha256:348b49dd737ff74cfb5e663e18cb069b44c64f77ec0523b5794efafbfa7df0b8",
                "sha256:3d72a5fdc5f00ca85160915eb9a973cf9a0ab8148f6eda40708bf672c55ac1d1",
                "sha256:4957452f7868f43f32c090dadb4188e9c74a4687323c87a882e943c2bd4780c3",
                "sha256:5138cec2ee1e53a671e11cc519505eb08aaaaf390c508f25b09605763d48de4b",
                "sha256:587098ca4fc46c95736459d171102336af12f0d415b3b865972a79c03f06259f",
                "sha256:5b79368bcdb1da4a05f931b62760bea0955ee2c81531d8e84625df2defd3f709",
                "sha256:5cf43807392247d9bc99737160da32d3fa619e0bfd85ba24d1c78db205f472a4",
                "sha256:676d1a80b1eebc0cacae8dd09b2fde24213173bf65650d22b038c5ed4039f392",
                "sha256:6b0211ecda389101a7d1d3df2eba0cf7ffbdd2480ca6f1d2257c7bd739e84110",
                "sha256:79cde4660de6f0bb523c229763bd8ad9a93ac6760b72c369cf1213955c430934",
                "sha256:7aba9786ac32c2a6d5fb446002ed936b47d5e1f10c466ef7e48f66eb9f9ebe3b",
                "sha256:7c8159352244e11bdd422226aa17651110b600d175220c451a9acf795e7414e0",
                "sha256:945f2eedf4fc6b2432697eb90bb98cc467de5147869e57405bfc31fa0b824741",
                "sha256:96b4e902cde37a7fc6ab306b3ac089a3949e6ce3d824eeca5b19dc0bedb9f6e2",
                "sha256:9a7bccb1212e63f309eb9fab47b6eaef796f59850f169a25695b248ca1bf681b",
                "sha256:a3bfcac727538ec11af304b5eccadbac952d4cca1a551a29b8fe554e3ad535dc",
                "sha256:b19e9f1b85c5d6136f5a0549abdc55dcbd63aba18b4f10d0d063eb65ef2c68b4",
                "sha256:b664011bb14ca1f2287c17185e222f2098f7b4c857961dbcf9badb28786dbbf4",
                "sha256:bde7959ef012b628868d69c474ec4920252656d0800835ed999ba5e4f57e3e2e",
                "sha256:cb095a0657d792c8de9f7c9a0452385a309dfb1bbbb3357d6b1e216353ade6ca",
                "sha256:d16d42a1b9772152c1fe606f679b2316551f7e1a1ce273e7f808e82a136cdb3d",
                "sha256:d444b1545430ffc1e7a24ce5a9be122ccd3b135a7b7e695c5862c5aff0b11159",
                "sha256:d93ccc7bf409ec0a23f2ac70977507e0b8a8d8c54e5ee46109af2f0ec9e411f3",
                "sha256:df6444f952ca849016902662e1a47abf4fa0678d75f92fd9dd27f20525f809cd",
                "sha256:e63850d8c52ba2b502662bf3c02603175c2397a9acc756090e444ce49508d41e",
                "sha256:ec43358c105794bc2b6fd34c68d27f92bea7102393c01889e93f4b6a70975728",
                "sha256:f4c6926d9c03dadce7a3b378b40d2fea912c1344ef9b29869f984fb3d2a2420b"
            ],
            "index": "pypi",
            "version": "==2.7.7"
        },
        "pyasn1": {
            "hashes": [
                "sha256:014c0e9976956a08139dc0712ae195324a75e142284d5f87f1a87ee1b068a359",
                "sha256:03840c999ba71680a131cfaee6fab142e1ed9bbd9c693e285cc6aca0d555e576",
                "sha256:0458773cfe65b153891ac249bcf1b5f8f320b7c2ce462151f8fa74de8934becf",
                "sha256:08c3c53b75eaa48d71cf8c710312316392ed40899cb34710d092e96745a358b7",
                "sha256:39c7e2ec30515947ff4e87fb6f456dfc6e84857d34be479c9d4a4ba4bf46aa5d",
                "sha256:5c9414dcfede6e441f7e8f81b43b34e834731003427e5b09e4e00e3172a10f00",
                "sha256:6e7545f1a61025a4e58bb336952c5061697da694db1cae97b116e9c46abcf7c8",
                "sha256:78fa6da68ed2727915c4767bb386ab32cdba863caa7dbe473eaae45f9959da86",
                "sha256:7ab8a544af125fb704feadb008c99a88805126fb525280b2270bb25cc1d78a12",
                "sha256:99fcc3c8d804d1bc6d9a099921e39d827026409a58f2a720dcdb89374ea0c776",
                "sha256:aef77c9fb94a3ac588e87841208bdec464471d9871bd5050a287cc9a475cd0ba",
                "sha256:e89bf84b5437b532b0803ba5c9a5e054d21fec423a89952a74f87fa2c9b7bce2",
                "sha256:fec3e9d8e36808a28efb59b489e4528c10ad0f480e57dcc32b4de5c9d8c9fdf3"
            ],
            "version": "==0.4.8"
        },
        "pyasn1-modules": {
            "hashes": [
                "sha256:0845a5582f6a02bb3e1bde9ecfc4bfcae6ec3210dd270522fee602365430c3f8",
                "sha256:0fe1b68d1e486a1ed5473f1302bd991c1611d319bba158e98b106ff86e1d7199",
                "sha256:15b7c67fabc7fc240d87fb9aabf999cf82311a6d6fb2c70d00d3d0604878c811",
                "sha256:426edb7a5e8879f1ec54a1864f16b882c2837bfd06eee62f2c982315ee2473ed",
                "sha256:65cebbaffc913f4fe9e4808735c95ea22d7a7775646ab690518c056784bc21b4",
                "sha256:905f84c712230b2c592c19470d3ca8d552de726050d1d1716282a1f6146be65e",
                "sha256:a50b808ffeb97cb3601dd25981f6b016cbb3d31fbf57a8b8a87428e6158d0c74",
                "sha256:a99324196732f53093a84c4369c996713eb8c89d360a496b599fb1a9c47fc3eb",
                "sha256:b80486a6c77252ea3a3e9b1e360bc9cf28eaac41263d173c032581ad2f20fe45",
                "sha256:c29a5e5cc7a3f05926aff34e097e84f8589cd790ce0ed41b67aed6857b26aafd",
                "sha256:cbac4bc38d117f2a49aeedec4407d23e8866ea4ac27ff2cf7fb3e5b570df19e0",
                "sha256:f39edd8c4ecaa4556e989147ebf219227e2cd2e8a43c7e7fcb1f1c18c5fd6a3d",
                "sha256:fe0644d9ab041506b62782e92b06b8c68cca799e1a9636ec398675459e031405"
            ],
            "version": "==0.2.8"
        },
        "pyautogui": {
            "hashes": [
                "sha256:1b57b1c8eeeff74bdbbe91162607ca7ac951e918b250072dcd3dd30c3f73da7c"
            ],
            "index": "pypi",
            "version": "==0.9.41"
        },
        "pygetwindow": {
            "hashes": [
                "sha256:17894355e7d2b305cd832d717708384017c1698a90ce24f6f7fbf0242dd0a688"
            ],
            "version": "==0.0.9"
        },
        "pymsgbox": {
            "hashes": [
                "sha256:2194227de8bff7a3d6da541848705a155dcbb2a06ee120d9f280a1d7f51263ff"
            ],
            "version": "==1.0.9"
        },
        "pyparsing": {
            "hashes": [
                "sha256:2b020ecf7d21b687f219b71ecad3631f644a47f01403fa1d1036b0c6416d70fb",
                "sha256:5026bae9a10eeaefb61dab2f09052b9f4307d44aee4eda64b309723d8d206bbc"
            ],
            "markers": "python_version >= '3.1'",
            "version": "==3.0.9"
        },
        "pyrect": {
            "hashes": [
                "sha256:f65155f6df9b929b67caffbd57c0947c5ae5449d3b580d178074bffb47a09b78"
            ],
            "version": "==0.2.0"
        },
        "pyscreeze": {
            "hashes": [
                "sha256:4428600ed19b30cd3f4b5d83767d198fc1dbae7439eecf9bd795445c009b67ae"
            ],
            "markers": "python_version >= '2.7' and python_version not in '3.0, 3.1, 3.2, 3.3'",
            "version": "==0.1.28"
        },
        "python-dotenv": {
            "hashes": [
                "sha256:a84569d0e00d178bc5b957f7ff208bf49287cbf61857c31c258c4a91f571527b",
                "sha256:c9b1ddd3cdbe75c7d462cb84674d87130f4b948f090f02c7d7144779afb99ae0"
            ],
            "index": "pypi",
            "version": "==0.10.1"
        },
        "pytweening": {
            "hashes": [
                "sha256:8533282cf70b31de8a0499e1cf420930b0013c787118872b2ec899382792e2e6"
            ],
            "version": "==1.0.4"
        },
        "requests": {
            "hashes": [
                "sha256:502a824f31acdacb3a35b6690b5fbf0bc41d63a24a45c4004352b0242707598e",
                "sha256:7bf2a778576d825600030a110f3c0e3e8edc51dfaafe1c146e39a2027784957b"
            ],
            "index": "pypi",
            "version": "==2.21.0"
        },
        "requests-oauthlib": {
            "hashes": [
                "sha256:2577c501a2fb8d05a304c09d090d6e47c306fef15809d102b327cf8364bddab5",
                "sha256:75beac4a47881eeb94d5ea5d6ad31ef88856affe2332b9aafb52c6452ccf0d7a"
            ],
            "markers": "python_version >= '2.7' and python_version not in '3.0, 3.1, 3.2, 3.3'",
            "version": "==1.3.1"
        },
        "rsa": {
            "hashes": [
                "sha256:90260d9058e514786967344d0ef75fa8727eed8a7d2e43ce9f4bcf1b536174f7",
                "sha256:e38464a49c6c85d7f1351b0126661487a7e0a14a50f1675ec50eb34d4f20ef21"
            ],
            "markers": "python_version >= '3.6'",
            "version": "==4.9"
        },
        "six": {
            "hashes": [
                "sha256:1e61c37477a1626458e36f7b1d82aa5c9b094fa4802892072e49de9c60c4c926",
                "sha256:8abb2f1d86890a2dfb989f9a77cfcfd3e47c2a354b01111771326f8aa26e0254"
            ],
            "markers": "python_version >= '2.7' and python_version not in '3.0, 3.1, 3.2, 3.3'",
            "version": "==1.16.0"
        },
        "smmap": {
            "hashes": [
                "sha256:2aba19d6a040e78d8b09de5c57e96207b09ed71d8e55ce0959eeee6c8e190d94",
                "sha256:c840e62059cd3be204b0c9c9f74be2c09d5648eddd4580d9314c3ecde0b30936"
            ],
            "markers": "python_version >= '3.6'",
            "version": "==5.0.0"
        },
        "soupsieve": {
            "hashes": [
                "sha256:49e5368c2cda80ee7e84da9dbe3e110b70a4575f196efb74e51b94549d921955",
                "sha256:e28dba9ca6c7c00173e34e4ba57448f0688bb681b7c5e8bf4971daafc093d69a"
            ],
            "markers": "python_version >= '3.7'",
            "version": "==2.4"
        },
        "uritemplate": {
            "hashes": [
                "sha256:07620c3f3f8eed1f12600845892b0e036a2420acf513c53f7de0abd911a5894f",
                "sha256:5af8ad10cec94f215e3f48112de2022e1d5a37ed427fbd88652fa908f2ab7cae"
            ],
            "markers": "python_version >= '2.7' and python_version not in '3.0, 3.1, 3.2, 3.3'",
            "version": "==3.0.1"
        },
        "urllib3": {
            "hashes": [
                "sha256:2393a695cd12afedd0dcb26fe5d50d0cf248e5a66f75dbd89a3d4eb333a61af4",
                "sha256:a637e5fae88995b256e3409dc4d52c2e2e0ba32c42a6365fee8bbd2238de3cfb"
            ],
            "markers": "python_version >= '2.7' and python_version not in '3.0, 3.1, 3.2, 3.3' and python_version < '4'",
            "version": "==1.24.3"
        },
        "websocket-client": {
            "hashes": [
                "sha256:8c8bf2d4f800c3ed952df206b18c28f7070d9e3dcbd6ca6291127574f57ee786",
                "sha256:e51562c91ddb8148e791f0155fdb01325d99bb52c4cdbb291aee7a3563fd0849"
            ],
            "index": "pypi",
            "version": "==0.54.0"
        }
    },
    "develop": {}
}
